// !$*UTF8*$!
{
	archiveVersion = 1;
	classes = {
	};
	objectVersion = 50;
	objects = {

/* Begin PBXBuildFile section */
		EC1DD48C27B6D973003CF91D /* AppDelegate.swift in Sources */ = {isa = PBXBuildFile; fileRef = EC1DD48B27B6D973003CF91D /* AppDelegate.swift */; };
		EC1DD48E27B6D973003CF91D /* SceneDelegate.swift in Sources */ = {isa = PBXBuildFile; fileRef = EC1DD48D27B6D973003CF91D /* SceneDelegate.swift */; };
		EC1DD49227B6D97E003CF91D /* Assets.xcassets in Resources */ = {isa = PBXBuildFile; fileRef = EC1DD49127B6D97E003CF91D /* Assets.xcassets */; };
		EC1DD49527B6D97E003CF91D /* Preview Assets.xcassets in Resources */ = {isa = PBXBuildFile; fileRef = EC1DD49427B6D97E003CF91D /* Preview Assets.xcassets */; };
		EC1DD49827B6D97E003CF91D /* LaunchScreen.storyboard in Resources */ = {isa = PBXBuildFile; fileRef = EC1DD49627B6D97E003CF91D /* LaunchScreen.storyboard */; };
		EC1DD4A127B6DA7C003CF91D /* Navigator.swift in Sources */ = {isa = PBXBuildFile; fileRef = EC1DD4A027B6DA7C003CF91D /* Navigator.swift */; };
		EC1DD4A427B6DBEE003CF91D /* FormView.swift in Sources */ = {isa = PBXBuildFile; fileRef = EC1DD4A327B6DBEE003CF91D /* FormView.swift */; };
		EC1DD4A727B6DBFB003CF91D /* CardView.swift in Sources */ = {isa = PBXBuildFile; fileRef = EC1DD4A627B6DBFB003CF91D /* CardView.swift */; };
		ECFB8F8E27B92A590006DB63 /* Montserrat-Medium.ttf in Resources */ = {isa = PBXBuildFile; fileRef = ECFB8F8D27B92A590006DB63 /* Montserrat-Medium.ttf */; };
		ECFB8F9127B92C410006DB63 /* Montserrat-Light.ttf in Resources */ = {isa = PBXBuildFile; fileRef = ECFB8F8C27B92A210006DB63 /* Montserrat-Light.ttf */; };
/* End PBXBuildFile section */

/* Begin PBXFileReference section */
		EC1DD48827B6D973003CF91D /* Ej04_Esther_Lenador.app */ = {isa = PBXFileReference; explicitFileType = wrapper.application; includeInIndex = 0; path = Ej04_Esther_Lenador.app; sourceTree = BUILT_PRODUCTS_DIR; };
		EC1DD48B27B6D973003CF91D /* AppDelegate.swift */ = {isa = PBXFileReference; lastKnownFileType = sourcecode.swift; path = AppDelegate.swift; sourceTree = "<group>"; };
		EC1DD48D27B6D973003CF91D /* SceneDelegate.swift */ = {isa = PBXFileReference; lastKnownFileType = sourcecode.swift; path = SceneDelegate.swift; sourceTree = "<group>"; };
		EC1DD49127B6D97E003CF91D /* Assets.xcassets */ = {isa = PBXFileReference; lastKnownFileType = folder.assetcatalog; path = Assets.xcassets; sourceTree = "<group>"; };
		EC1DD49427B6D97E003CF91D /* Preview Assets.xcassets */ = {isa = PBXFileReference; lastKnownFileType = folder.assetcatalog; path = "Preview Assets.xcassets"; sourceTree = "<group>"; };
		EC1DD49727B6D97E003CF91D /* Base */ = {isa = PBXFileReference; lastKnownFileType = file.storyboard; name = Base; path = Base.lproj/LaunchScreen.storyboard; sourceTree = "<group>"; };
		EC1DD49927B6D97E003CF91D /* Info.plist */ = {isa = PBXFileReference; lastKnownFileType = text.plist.xml; path = Info.plist; sourceTree = "<group>"; };
		EC1DD4A027B6DA7C003CF91D /* Navigator.swift */ = {isa = PBXFileReference; lastKnownFileType = sourcecode.swift; path = Navigator.swift; sourceTree = "<group>"; };
		EC1DD4A327B6DBEE003CF91D /* FormView.swift */ = {isa = PBXFileReference; lastKnownFileType = sourcecode.swift; path = FormView.swift; sourceTree = "<group>"; };
		EC1DD4A627B6DBFB003CF91D /* CardView.swift */ = {isa = PBXFileReference; lastKnownFileType = sourcecode.swift; path = CardView.swift; sourceTree = "<group>"; };
		ECFB8F8C27B92A210006DB63 /* Montserrat-Light.ttf */ = {isa = PBXFileReference; lastKnownFileType = file; path = "Montserrat-Light.ttf"; sourceTree = "<group>"; };
		ECFB8F8D27B92A590006DB63 /* Montserrat-Medium.ttf */ = {isa = PBXFileReference; lastKnownFileType = file; name = "Montserrat-Medium.ttf"; path = "../../../../../Downloads/Montserrat/static/Montserrat-Medium.ttf"; sourceTree = "<group>"; };
/* End PBXFileReference section */

/* Begin PBXFrameworksBuildPhase section */
		EC1DD48527B6D973003CF91D /* Frameworks */ = {
			isa = PBXFrameworksBuildPhase;
			buildActionMask = 2147483647;
			files = (
			);
			runOnlyForDeploymentPostprocessing = 0;
		};
/* End PBXFrameworksBuildPhase section */

/* Begin PBXGroup section */
		EC1DD47F27B6D973003CF91D = {
			isa = PBXGroup;
			children = (
				EC1DD48A27B6D973003CF91D /* Ej04_Esther_Lenador */,
				EC1DD48927B6D973003CF91D /* Products */,
			);
			sourceTree = "<group>";
		};
		EC1DD48927B6D973003CF91D /* Products */ = {
			isa = PBXGroup;
			children = (
				EC1DD48827B6D973003CF91D /* Ej04_Esther_Lenador.app */,
			);
			name = Products;
			sourceTree = "<group>";
		};
		EC1DD48A27B6D973003CF91D /* Ej04_Esther_Lenador */ = {
			isa = PBXGroup;
			children = (
				ECFB8F8B27B92A140006DB63 /* fonts */,
				EC1DD48B27B6D973003CF91D /* AppDelegate.swift */,
				EC1DD48D27B6D973003CF91D /* SceneDelegate.swift */,
				EC1DD49127B6D97E003CF91D /* Assets.xcassets */,
				EC1DD49627B6D97E003CF91D /* LaunchScreen.storyboard */,
				EC1DD49927B6D97E003CF91D /* Info.plist */,
				EC1DD49327B6D97E003CF91D /* Preview Content */,
				EC1DD4A027B6DA7C003CF91D /* Navigator.swift */,
				EC1DD4A327B6DBEE003CF91D /* FormView.swift */,
				EC1DD4A627B6DBFB003CF91D /* CardView.swift */,
			);
			path = Ej04_Esther_Lenador;
			sourceTree = "<group>";
		};
		EC1DD49327B6D97E003CF91D /* Preview Content */ = {
			isa = PBXGroup;
			children = (
				EC1DD49427B6D97E003CF91D /* Preview Assets.xcassets */,
			);
			path = "Preview Content";
			sourceTree = "<group>";
		};
		ECFB8F8B27B92A140006DB63 /* fonts */ = {
			isa = PBXGroup;
			children = (
				ECFB8F8D27B92A590006DB63 /* Montserrat-Medium.ttf */,
				ECFB8F8C27B92A210006DB63 /* Montserrat-Light.ttf */,
			);
			path = fonts;
			sourceTree = "<group>";
		};
/* End PBXGroup section */

/* Begin PBXNativeTarget section */
		EC1DD48727B6D973003CF91D /* Ej04_Esther_Lenador */ = {
			isa = PBXNativeTarget;
			buildConfigurationList = EC1DD49C27B6D97E003CF91D /* Build configuration list for PBXNativeTarget "Ej04_Esther_Lenador" */;
			buildPhases = (
				EC1DD48427B6D973003CF91D /* Sources */,
				EC1DD48527B6D973003CF91D /* Frameworks */,
				EC1DD48627B6D973003CF91D /* Resources */,
			);
			buildRules = (
			);
			dependencies = (
			);
			name = Ej04_Esther_Lenador;
			productName = Ej04_Esther_Lenador;
			productReference = EC1DD48827B6D973003CF91D /* Ej04_Esther_Lenador.app */;
			productType = "com.apple.product-type.application";
		};
/* End PBXNativeTarget section */

/* Begin PBXProject section */
		EC1DD48027B6D973003CF91D /* Project object */ = {
			isa = PBXProject;
			attributes = {
				LastSwiftUpdateCheck = 1240;
				LastUpgradeCheck = 1240;
				TargetAttributes = {
					EC1DD48727B6D973003CF91D = {
						CreatedOnToolsVersion = 12.4;
					};
				};
			};
			buildConfigurationList = EC1DD48327B6D973003CF91D /* Build configuration list for PBXProject "Ej04_Esther_Lenador" */;
			compatibilityVersion = "Xcode 9.3";
			developmentRegion = en;
			hasScannedForEncodings = 0;
			knownRegions = (
				en,
				Base,
			);
			mainGroup = EC1DD47F27B6D973003CF91D;
			productRefGroup = EC1DD48927B6D973003CF91D /* Products */;
			projectDirPath = "";
			projectRoot = "";
			targets = (
				EC1DD48727B6D973003CF91D /* Ej04_Esther_Lenador */,
			);
		};
/* End PBXProject section */

/* Begin PBXResourcesBuildPhase section */
		EC1DD48627B6D973003CF91D /* Resources */ = {
			isa = PBXResourcesBuildPhase;
			buildActionMask = 2147483647;
			files = (
				ECFB8F9127B92C410006DB63 /* Montserrat-Light.ttf in Resources */,
				ECFB8F8E27B92A590006DB63 /* Montserrat-Medium.ttf in Resources */,
				EC1DD49827B6D97E003CF91D /* LaunchScreen.storyboard in Resources */,
				EC1DD49527B6D97E003CF91D /* Preview Assets.xcassets in Resources */,
				EC1DD49227B6D97E003CF91D /* Assets.xcassets in Resources */,
			);
			runOnlyForDeploymentPostprocessing = 0;
		};
/* End PBXResourcesBuildPhase section */

/* Begin PBXSourcesBuildPhase section */
		EC1DD48427B6D973003CF91D /* Sources */ = {
			isa = PBXSourcesBuildPhase;
			buildActionMask = 2147483647;
			files = (
				EC1DD48C27B6D973003CF91D /* AppDelegate.swift in Sources */,
				EC1DD4A127B6DA7C003CF91D /* Navigator.swift in Sources */,
				EC1DD4A427B6DBEE003CF91D /* FormView.swift in Sources */,
				EC1DD48E27B6D973003CF91D /* SceneDelegate.swift in Sources */,
				EC1DD4A727B6DBFB003CF91D /* CardView.swift in Sources */,
			);
			runOnlyForDeploymentPostprocessing = 0;
		};
/* End PBXSourcesBuildPhase section */

/* Begin PBXVariantGroup section */
		EC1DD49627B6D97E003CF91D /* LaunchScreen.storyboard */ = {
			isa = PBXVariantGroup;
			children = (
				EC1DD49727B6D97E003CF91D /* Base */,
			);
			name = LaunchScreen.storyboard;
			sourceTree = "<group>";
		};
/* End PBXVariantGroup section */

/* Begin XCBuildConfiguration section */
		EC1DD49A27B6D97E003CF91D /* Debug */ = {
			isa = XCBuildConfiguration;
			buildSettings = {
				ALWAYS_SEARCH_USER_PATHS = NO;
				CLANG_ANALYZER_NONNULL = YES;
				CLANG_ANALYZER_NUMBER_OBJECT_CONVERSION = YES_AGGRESSIVE;
				CLANG_CXX_LANGUAGE_STANDARD = "gnu++14";
				CLANG_CXX_LIBRARY = "libc++";
				CLANG_ENABLE_MODULES = YES;
				CLANG_ENABLE_OBJC_ARC = YES;
				CLANG_ENABLE_OBJC_WEAK = YES;
				CLANG_WARN_BLOCK_CAPTURE_AUTORELEASING = YES;
				CLANG_WARN_BOOL_CONVERSION = YES;
				CLANG_WARN_COMMA = YES;
				CLANG_WARN_CONSTANT_CONVERSION = YES;
				CLANG_WARN_DEPRECATED_OBJC_IMPLEMENTATIONS = YES;
				CLANG_WARN_DIRECT_OBJC_ISA_USAGE = YES_ERROR;
				CLANG_WARN_DOCUMENTATION_COMMENTS = YES;
				CLANG_WARN_EMPTY_BODY = YES;
				CLANG_WARN_ENUM_CONVERSION = YES;
				CLANG_WARN_INFINITE_RECURSION = YES;
				CLANG_WARN_INT_CONVERSION = YES;
				CLANG_WARN_NON_LITERAL_NULL_CONVERSION = YES;
				CLANG_WARN_OBJC_IMPLICIT_RETAIN_SELF = YES;
				CLANG_WARN_OBJC_LITERAL_CONVERSION = YES;
				CLANG_WARN_OBJC_ROOT_CLASS = YES_ERROR;
				CLANG_WARN_QUOTED_INCLUDE_IN_FRAMEWORK_HEADER = YES;
				CLANG_WARN_RANGE_LOOP_ANALYSIS = YES;
				CLANG_WARN_STRICT_PROTOTYPES = YES;
				CLANG_WARN_SUSPICIOUS_MOVE = YES;
				CLANG_WARN_UNGUARDED_AVAILABILITY = YES_AGGRESSIVE;
				CLANG_WARN_UNREACHABLE_CODE = YES;
				CLANG_WARN__DUPLICATE_METHOD_MATCH = YES;
				COPY_PHASE_STRIP = NO;
				DEBUG_INFORMATION_FORMAT = dwarf;
				ENABLE_STRICT_OBJC_MSGSEND = YES;
				ENABLE_TESTABILITY = YES;
				GCC_C_LANGUAGE_STANDARD = gnu11;
				GCC_DYNAMIC_NO_PIC = NO;
				GCC_NO_COMMON_BLOCKS = YES;
				GCC_OPTIMIZATION_LEVEL = 0;
				GCC_PREPROCESSOR_DEFINITIONS = (
					"DEBUG=1",
					"$(inherited)",
				);
				GCC_WARN_64_TO_32_BIT_CONVERSION = YES;
				GCC_WARN_ABOUT_RETURN_TYPE = YES_ERROR;
				GCC_WARN_UNDECLARED_SELECTOR = YES;
				GCC_WARN_UNINITIALIZED_AUTOS = YES_AGGRESSIVE;
				GCC_WARN_UNUSED_FUNCTION = YES;
				GCC_WARN_UNUSED_VARIABLE = YES;
				IPHONEOS_DEPLOYMENT_TARGET = 14.4;
				MTL_ENABLE_DEBUG_INFO = INCLUDE_SOURCE;
				MTL_FAST_MATH = YES;
				ONLY_ACTIVE_ARCH = YES;
				SDKROOT = iphoneos;
				SWIFT_ACTIVE_COMPILATION_CONDITIONS = DEBUG;
				SWIFT_OPTIMIZATION_LEVEL = "-Onone";
			};
			name = Debug;
		};
		EC1DD49B27B6D97E003CF91D /* Release */ = {
			isa = XCBuildConfiguration;
			buildSettings = {
				ALWAYS_SEARCH_USER_PATHS = NO;
				CLANG_ANALYZER_NONNULL = YES;
				CLANG_ANALYZER_NUMBER_OBJECT_CONVERSION = YES_AGGRESSIVE;
				CLANG_CXX_LANGUAGE_STANDARD = "gnu++14";
				CLANG_CXX_LIBRARY = "libc++";
				CLANG_ENABLE_MODULES = YES;
				CLANG_ENABLE_OBJC_ARC = YES;
				CLANG_ENABLE_OBJC_WEAK = YES;
				CLANG_WARN_BLOCK_CAPTURE_AUTORELEASING = YES;
				CLANG_WARN_BOOL_CONVERSION = YES;
				CLANG_WARN_COMMA = YES;
				CLANG_WARN_CONSTANT_CONVERSION = YES;
				CLANG_WARN_DEPRECATED_OBJC_IMPLEMENTATIONS = YES;
				CLANG_WARN_DIRECT_OBJC_ISA_USAGE = YES_ERROR;
				CLANG_WARN_DOCUMENTATION_COMMENTS = YES;
				CLANG_WARN_EMPTY_BODY = YES;
				CLANG_WARN_ENUM_CONVERSION = YES;
				CLANG_WARN_INFINITE_RECURSION = YES;
				CLANG_WARN_INT_CONVERSION = YES;
				CLANG_WARN_NON_LITERAL_NULL_CONVERSION = YES;
				CLANG_WARN_OBJC_IMPLICIT_RETAIN_SELF = YES;
				CLANG_WARN_OBJC_LITERAL_CONVERSION = YES;
				CLANG_WARN_OBJC_ROOT_CLASS = YES_ERROR;
				CLANG_WARN_QUOTED_INCLUDE_IN_FRAMEWORK_HEADER = YES;
				CLANG_WARN_RANGE_LOOP_ANALYSIS = YES;
				CLANG_WARN_STRICT_PROTOTYPES = YES;
				CLANG_WARN_SUSPICIOUS_MOVE = YES;
				CLANG_WARN_UNGUARDED_AVAILABILITY = YES_AGGRESSIVE;
				CLANG_WARN_UNREACHABLE_CODE = YES;
				CLANG_WARN__DUPLICATE_METHOD_MATCH = YES;
				COPY_PHASE_STRIP = NO;
				DEBUG_INFORMATION_FORMAT = "dwarf-with-dsym";
				ENABLE_NS_ASSERTIONS = NO;
				ENABLE_STRICT_OBJC_MSGSEND = YES;
				GCC_C_LANGUAGE_STANDARD = gnu11;
				GCC_NO_COMMON_BLOCKS = YES;
				GCC_WARN_64_TO_32_BIT_CONVERSION = YES;
				GCC_WARN_ABOUT_RETURN_TYPE = YES_ERROR;
				GCC_WARN_UNDECLARED_SELECTOR = YES;
				GCC_WARN_UNINITIALIZED_AUTOS = YES_AGGRESSIVE;
				GCC_WARN_UNUSED_FUNCTION = YES;
				GCC_WARN_UNUSED_VARIABLE = YES;
				IPHONEOS_DEPLOYMENT_TARGET = 14.4;
				MTL_ENABLE_DEBUG_INFO = NO;
				MTL_FAST_MATH = YES;
				SDKROOT = iphoneos;
				SWIFT_COMPILATION_MODE = wholemodule;
				SWIFT_OPTIMIZATION_LEVEL = "-O";
				VALIDATE_PRODUCT = YES;
			};
			name = Release;
		};
		EC1DD49D27B6D97E003CF91D /* Debug */ = {
			isa = XCBuildConfiguration;
			buildSettings = {
				ASSETCATALOG_COMPILER_APPICON_NAME = AppIcon;
				ASSETCATALOG_COMPILER_GLOBAL_ACCENT_COLOR_NAME = AccentColor;
				CODE_SIGN_STYLE = Automatic;
				DEVELOPMENT_ASSET_PATHS = "\"Ej04_Esther_Lenador/Preview Content\"";
				ENABLE_PREVIEWS = YES;
				INFOPLIST_FILE = Ej04_Esther_Lenador/Info.plist;
				LD_RUNPATH_SEARCH_PATHS = (
					"$(inherited)",
					"@executable_path/Frameworks",
				);
				PRODUCT_BUNDLE_IDENTIFIER = "Esther.Ej04-Esther-Lenador";
				PRODUCT_NAME = "$(TARGET_NAME)";
				SWIFT_VERSION = 5.0;
				TARGETED_DEVICE_FAMILY = "1,2";
			};
			name = Debug;
		};
		EC1DD49E27B6D97E003CF91D /* Release */ = {
			isa = XCBuildConfiguration;
			buildSettings = {
				ASSETCATALOG_COMPILER_APPICON_NAME = AppIcon;
				ASSETCATALOG_COMPILER_GLOBAL_ACCENT_COLOR_NAME = AccentColor;
				CODE_SIGN_STYLE = Automatic;
				DEVELOPMENT_ASSET_PATHS = "\"Ej04_Esther_Lenador/Preview Content\"";
				ENABLE_PREVIEWS = YES;
				INFOPLIST_FILE = Ej04_Esther_Lenador/Info.plist;
				LD_RUNPATH_SEARCH_PATHS = (
					"$(inherited)",
					"@executable_path/Frameworks",
				);
				PRODUCT_BUNDLE_IDENTIFIER = "Esther.Ej04-Esther-Lenador";
				PRODUCT_NAME = "$(TARGET_NAME)";
				SWIFT_VERSION = 5.0;
				TARGETED_DEVICE_FAMILY = "1,2";
			};
			name = Release;
		};
/* End XCBuildConfiguration section */

/* Begin XCConfigurationList section */
		EC1DD48327B6D973003CF91D /* Build configuration list for PBXProject "Ej04_Esther_Lenador" */ = {
			isa = XCConfigurationList;
			buildConfigurations = (
				EC1DD49A27B6D97E003CF91D /* Debug */,
				EC1DD49B27B6D97E003CF91D /* Release */,
			);
			defaultConfigurationIsVisible = 0;
			defaultConfigurationName = Release;
		};
		EC1DD49C27B6D97E003CF91D /* Build configuration list for PBXNativeTarget "Ej04_Esther_Lenador" */ = {
			isa = XCConfigurationList;
			buildConfigurations = (
				EC1DD49D27B6D97E003CF91D /* Debug */,
				EC1DD49E27B6D97E003CF91D /* Release */,
			);
			defaultConfigurationIsVisible = 0;
			defaultConfigurationName = Release;
		};
/* End XCConfigurationList section */
	};
	rootObject = EC1DD48027B6D973003CF91D /* Project object */;
}
